<?xml version="1.0" encoding="utf-8"?>
<Project ToolsVersion="4.0" xmlns="http://schemas.microsoft.com/developer/msbuild/2003">
  <ItemGroup>
    <Filter Include="Sauce">
      <UniqueIdentifier>{14621682-2bc0-4d41-8c85-c1a5dfa1d3f2}</UniqueIdentifier>
    </Filter>
  </ItemGroup>
  <ItemGroup>
    <ClInclude Include="Sauce\Behavior.h">
      <Filter>Sauce</Filter>
    </ClInclude>
    <ClInclude Include="Sauce\Chain_of_Responsibility.h">
      <Filter>Sauce</Filter>
    </ClInclude>
    <ClInclude Include="Sauce\Command.h">
      <Filter>Sauce</Filter>
    </ClInclude>
    <ClInclude Include="Sauce\Iterator.h">
      <Filter>Sauce</Filter>
    </ClInclude>
    <ClInclude Include="Sauce\Mediator.h">
      <Filter>Sauce</Filter>
    </ClInclude>
    <ClInclude Include="Sauce\Memento.h">
      <Filter>Sauce</Filter>
    </ClInclude>
    <ClInclude Include="Sauce\Observer.h">
      <Filter>Sauce</Filter>
    </ClInclude>
    <ClInclude Include="Sauce\State.h">
      <Filter>Sauce</Filter>
    </ClInclude>
    <ClInclude Include="Sauce\Strategy.h">
      <Filter>Sauce</Filter>
    </ClInclude>
    <ClInclude Include="Sauce\Template_Method.h">
      <Filter>Sauce</Filter>
    </ClInclude>
    <ClInclude Include="Sauce\Visitor.h">
      <Filter>Sauce</Filter>
    </ClInclude>
  </ItemGroup>
  <ItemGroup>
    <ClCompile Include="Sauce\Main.cpp">
      <Filter>Sauce</Filter>
    </ClCompile>
  </ItemGroup>
</Project>